
Microsoft Visual Studio Solution File, Format Version 12.00
# Visual Studio Version 17
VisualStudioVersion = 17.2.32630.192
MinimumVisualStudioVersion = 10.0.40219.1
Project("{FAE04EC0-301F-11D3-BF4B-00C04F79EFBC}") = "QuizUser", "QuizUser\QuizUser.csproj", "{292D0F34-D208-4F0D-98A4-0510079BEA99}"
EndProject
Global
	GlobalSection(SolutionConfigurationPlatforms) = preSolution
		Debug|Any CPU = Debug|Any CPU
		Release|Any CPU = Release|Any CPU
	EndGlobalSection
	GlobalSection(ProjectConfigurationPlatforms) = postSolution
		{292D0F34-D208-4F0D-98A4-0510079BEA99}.Debug|Any CPU.ActiveCfg = Debug|Any CPU
		{292D0F34-D208-4F0D-98A4-0510079BEA99}.Debug|Any CPU.Build.0 = Debug|Any CPU
		{292D0F34-D208-4F0D-98A4-0510079BEA99}.Release|Any CPU.ActiveCfg = Release|Any CPU
		{292D0F34-D208-4F0D-98A4-0510079BEA99}.Release|Any CPU.Build.0 = Release|Any CPU
	EndGlobalSection
	GlobalSection(SolutionProperties) = preSolution
		HideSolutionNode = FALSE
	EndGlobalSection
	GlobalSection(ExtensibilityGlobals) = postSolution
		SolutionGuid = {DC1BDBE8-97C4-4D4F-B26C-2F7827130B76}
	EndGlobalSection
EndGlobal
